
Microsoft Visual Studio Solution File, Format Version 12.00
# Visual Studio Version 17
VisualStudioVersion = 17.9.34607.119
MinimumVisualStudioVersion = 10.0.40219.1
Project("{9A19103F-16F7-4668-BE54-9A1E7A4F7556}") = "BulkyWeb", "BulkyWeb\BulkyWeb.csproj", "{3DFFC86A-3AFF-493F-9DB8-1DFE8D509AD1}"
EndProject
Project("{FAE04EC0-301F-11D3-BF4B-00C04F79EFBC}") = "Bulky.DataAccess", "Bulky.DataAccess\Bulky.DataAccess.csproj", "{91D141A9-650E-4FBF-B861-D41C9656E442}"
EndProject
Project("{FAE04EC0-301F-11D3-BF4B-00C04F79EFBC}") = "Bulky.Models", "Bulky.Models\Bulky.Models.csproj", "{8F2B0220-D7B0-4451-8AE3-57A4BE051DDF}"
EndProject
Project("{FAE04EC0-301F-11D3-BF4B-00C04F79EFBC}") = "Bulky.Utility", "Bulky.Utility\Bulky.Utility.csproj", "{AE009231-4E1B-4686-BD20-9BAA7A4FAB40}"
EndProject
Global
	GlobalSection(SolutionConfigurationPlatforms) = preSolution
		Debug|Any CPU = Debug|Any CPU
		Release|Any CPU = Release|Any CPU
	EndGlobalSection
	GlobalSection(ProjectConfigurationPlatforms) = postSolution
		{3DFFC86A-3AFF-493F-9DB8-1DFE8D509AD1}.Debug|Any CPU.ActiveCfg = Debug|Any CPU
		{3DFFC86A-3AFF-493F-9DB8-1DFE8D509AD1}.Debug|Any CPU.Build.0 = Debug|Any CPU
		{3DFFC86A-3AFF-493F-9DB8-1DFE8D509AD1}.Release|Any CPU.ActiveCfg = Release|Any CPU
		{3DFFC86A-3AFF-493F-9DB8-1DFE8D509AD1}.Release|Any CPU.Build.0 = Release|Any CPU
		{91D141A9-650E-4FBF-B861-D41C9656E442}.Debug|Any CPU.ActiveCfg = Debug|Any CPU
		{91D141A9-650E-4FBF-B861-D41C9656E442}.Debug|Any CPU.Build.0 = Debug|Any CPU
		{91D141A9-650E-4FBF-B861-D41C9656E442}.Release|Any CPU.ActiveCfg = Release|Any CPU
		{91D141A9-650E-4FBF-B861-D41C9656E442}.Release|Any CPU.Build.0 = Release|Any CPU
		{8F2B0220-D7B0-4451-8AE3-57A4BE051DDF}.Debug|Any CPU.ActiveCfg = Debug|Any CPU
		{8F2B0220-D7B0-4451-8AE3-57A4BE051DDF}.Debug|Any CPU.Build.0 = Debug|Any CPU
		{8F2B0220-D7B0-4451-8AE3-57A4BE051DDF}.Release|Any CPU.ActiveCfg = Release|Any CPU
		{8F2B0220-D7B0-4451-8AE3-57A4BE051DDF}.Release|Any CPU.Build.0 = Release|Any CPU
		{AE009231-4E1B-4686-BD20-9BAA7A4FAB40}.Debug|Any CPU.ActiveCfg = Debug|Any CPU
		{AE009231-4E1B-4686-BD20-9BAA7A4FAB40}.Debug|Any CPU.Build.0 = Debug|Any CPU
		{AE009231-4E1B-4686-BD20-9BAA7A4FAB40}.Release|Any CPU.ActiveCfg = Release|Any CPU
		{AE009231-4E1B-4686-BD20-9BAA7A4FAB40}.Release|Any CPU.Build.0 = Release|Any CPU
	EndGlobalSection
	GlobalSection(SolutionProperties) = preSolution
		HideSolutionNode = FALSE
	EndGlobalSection
	GlobalSection(ExtensibilityGlobals) = postSolution
		SolutionGuid = {46FDE4BB-B517-44A4-866A-0190F9C43F4E}
	EndGlobalSection
EndGlobal
